
Microsoft Visual Studio Solution File, Format Version 12.00
# Visual Studio Version 17
VisualStudioVersion = 17.7.34024.191
MinimumVisualStudioVersion = 10.0.40219.1
Project("{FAE04EC0-301F-11D3-BF4B-00C04F79EFBC}") = "IconTester", "IconTester\IconTester.csproj", "{595A3911-7B1B-4E1C-9162-B32001F93DEB}"
EndProject
Global
	GlobalSection(SolutionConfigurationPlatforms) = preSolution
		Debug|Any CPU = Debug|Any CPU
		Release|Any CPU = Release|Any CPU
	EndGlobalSection
	GlobalSection(ProjectConfigurationPlatforms) = postSolution
		{595A3911-7B1B-4E1C-9162-B32001F93DEB}.Debug|Any CPU.ActiveCfg = Debug|Any CPU
		{595A3911-7B1B-4E1C-9162-B32001F93DEB}.Debug|Any CPU.Build.0 = Debug|Any CPU
		{595A3911-7B1B-4E1C-9162-B32001F93DEB}.Release|Any CPU.ActiveCfg = Release|Any CPU
		{595A3911-7B1B-4E1C-9162-B32001F93DEB}.Release|Any CPU.Build.0 = Release|Any CPU
	EndGlobalSection
	GlobalSection(SolutionProperties) = preSolution
		HideSolutionNode = FALSE
	EndGlobalSection
	GlobalSection(ExtensibilityGlobals) = postSolution
		SolutionGuid = {E9D00D8B-62CB-41AA-8630-FE2792E8A8DB}
	EndGlobalSection
EndGlobal
